
Microsoft Visual Studio Solution File, Format Version 12.00
# Visual Studio Version 16
VisualStudioVersion = 16.0.30907.101
MinimumVisualStudioVersion = 10.0.40219.1
Project("{9A19103F-16F7-4668-BE54-9A1E7A4F7556}") = "VismaUserApi", "VismaUserApi\VismaUserApi.csproj", "{88DECE1D-A8A5-4671-913D-B53F8BEE3360}"
EndProject
Project("{9A19103F-16F7-4668-BE54-9A1E7A4F7556}") = "VismaUserCore", "VismaUserCore\VismaUserCore.csproj", "{F09810AE-2DBC-477F-B9B0-8C03198C72F6}"
EndProject
Project("{9A19103F-16F7-4668-BE54-9A1E7A4F7556}") = "VismaUserInsfrestucture", "VismaUserInsfrestucture\VismaUserInsfrestucture.csproj", "{BB354B66-A8D7-4A51-9C8D-3D68633BCE39}"
EndProject
Project("{2150E333-8FDC-42A3-9474-1A3956D46DE8}") = "Test", "Test", "{8AEAD540-D819-4BC3-9EDD-DA8A1561DC56}"
EndProject
Project("{FAE04EC0-301F-11D3-BF4B-00C04F79EFBC}") = "VimaTest", "VimaTest\VimaTest.csproj", "{0276D09C-49CD-498D-BE2B-5016004E01BC}"
EndProject
Global
	GlobalSection(SolutionConfigurationPlatforms) = preSolution
		Debug|Any CPU = Debug|Any CPU
		Release|Any CPU = Release|Any CPU
	EndGlobalSection
	GlobalSection(ProjectConfigurationPlatforms) = postSolution
		{88DECE1D-A8A5-4671-913D-B53F8BEE3360}.Debug|Any CPU.ActiveCfg = Debug|Any CPU
		{88DECE1D-A8A5-4671-913D-B53F8BEE3360}.Debug|Any CPU.Build.0 = Debug|Any CPU
		{88DECE1D-A8A5-4671-913D-B53F8BEE3360}.Release|Any CPU.ActiveCfg = Release|Any CPU
		{88DECE1D-A8A5-4671-913D-B53F8BEE3360}.Release|Any CPU.Build.0 = Release|Any CPU
		{F09810AE-2DBC-477F-B9B0-8C03198C72F6}.Debug|Any CPU.ActiveCfg = Debug|Any CPU
		{F09810AE-2DBC-477F-B9B0-8C03198C72F6}.Debug|Any CPU.Build.0 = Debug|Any CPU
		{F09810AE-2DBC-477F-B9B0-8C03198C72F6}.Release|Any CPU.ActiveCfg = Release|Any CPU
		{F09810AE-2DBC-477F-B9B0-8C03198C72F6}.Release|Any CPU.Build.0 = Release|Any CPU
		{BB354B66-A8D7-4A51-9C8D-3D68633BCE39}.Debug|Any CPU.ActiveCfg = Debug|Any CPU
		{BB354B66-A8D7-4A51-9C8D-3D68633BCE39}.Debug|Any CPU.Build.0 = Debug|Any CPU
		{BB354B66-A8D7-4A51-9C8D-3D68633BCE39}.Release|Any CPU.ActiveCfg = Release|Any CPU
		{BB354B66-A8D7-4A51-9C8D-3D68633BCE39}.Release|Any CPU.Build.0 = Release|Any CPU
		{0276D09C-49CD-498D-BE2B-5016004E01BC}.Debug|Any CPU.ActiveCfg = Debug|Any CPU
		{0276D09C-49CD-498D-BE2B-5016004E01BC}.Debug|Any CPU.Build.0 = Debug|Any CPU
		{0276D09C-49CD-498D-BE2B-5016004E01BC}.Release|Any CPU.ActiveCfg = Release|Any CPU
		{0276D09C-49CD-498D-BE2B-5016004E01BC}.Release|Any CPU.Build.0 = Release|Any CPU
	EndGlobalSection
	GlobalSection(SolutionProperties) = preSolution
		HideSolutionNode = FALSE
	EndGlobalSection
	GlobalSection(NestedProjects) = preSolution
		{0276D09C-49CD-498D-BE2B-5016004E01BC} = {8AEAD540-D819-4BC3-9EDD-DA8A1561DC56}
	EndGlobalSection
	GlobalSection(ExtensibilityGlobals) = postSolution
		SolutionGuid = {1A13E2E0-8E7A-467D-B42C-5EB8FE335B1A}
	EndGlobalSection
EndGlobal
